
Microsoft Visual Studio Solution File, Format Version 12.00
# Visual Studio 14
VisualStudioVersion = 14.0.23107.0
MinimumVisualStudioVersion = 10.0.40219.1
Project("{E24C65DC-7377-472B-9ABA-BC803B73C61A}") = "WebsiteA04", "WebsiteA04\", "{3E099DB6-8FE9-4B40-B29C-7AE7AE6FE040}"
	ProjectSection(WebsiteProperties) = preProject
		TargetFrameworkMoniker = ".NETFramework,Version%3Dv4.5.2"
		Debug.AspNetCompiler.VirtualPath = "/localhost_7648"
		Debug.AspNetCompiler.PhysicalPath = "WebsiteA04\"
		Debug.AspNetCompiler.TargetPath = "PrecompiledWeb\localhost_7648\"
		Debug.AspNetCompiler.Updateable = "true"
		Debug.AspNetCompiler.ForceOverwrite = "true"
		Debug.AspNetCompiler.FixedNames = "false"
		Debug.AspNetCompiler.Debug = "True"
		Release.AspNetCompiler.VirtualPath = "/localhost_7648"
		Release.AspNetCompiler.PhysicalPath = "WebsiteA04\"
		Release.AspNetCompiler.TargetPath = "PrecompiledWeb\localhost_7648\"
		Release.AspNetCompiler.Updateable = "true"
		Release.AspNetCompiler.ForceOverwrite = "true"
		Release.AspNetCompiler.FixedNames = "false"
		Release.AspNetCompiler.Debug = "False"
		VWDPort = "7648"
		SlnRelativePath = "WebsiteA04\"
		DefaultWebSiteLanguage = "Visual C#"
	EndProjectSection
EndProject
Global
	GlobalSection(SolutionConfigurationPlatforms) = preSolution
		Debug|Any CPU = Debug|Any CPU
	EndGlobalSection
	GlobalSection(ProjectConfigurationPlatforms) = postSolution
		{3E099DB6-8FE9-4B40-B29C-7AE7AE6FE040}.Debug|Any CPU.ActiveCfg = Debug|Any CPU
		{3E099DB6-8FE9-4B40-B29C-7AE7AE6FE040}.Debug|Any CPU.Build.0 = Debug|Any CPU
	EndGlobalSection
	GlobalSection(SolutionProperties) = preSolution
		HideSolutionNode = FALSE
	EndGlobalSection
EndGlobal
